
Microsoft Visual Studio Solution File, Format Version 12.00
# Visual Studio Version 17
VisualStudioVersion = 17.3.32804.467
MinimumVisualStudioVersion = 10.0.40219.1
Project("{FAE04EC0-301F-11D3-BF4B-00C04F79EFBC}") = "SingleorDouble", "SingleorDouble.csproj", "{5BE55850-B3EF-4F29-95B5-BA2C3537CC6A}"
EndProject
Global
	GlobalSection(SolutionConfigurationPlatforms) = preSolution
		Debug|Any CPU = Debug|Any CPU
		Release|Any CPU = Release|Any CPU
	EndGlobalSection
	GlobalSection(ProjectConfigurationPlatforms) = postSolution
		{5BE55850-B3EF-4F29-95B5-BA2C3537CC6A}.Debug|Any CPU.ActiveCfg = Debug|Any CPU
		{5BE55850-B3EF-4F29-95B5-BA2C3537CC6A}.Debug|Any CPU.Build.0 = Debug|Any CPU
		{5BE55850-B3EF-4F29-95B5-BA2C3537CC6A}.Release|Any CPU.ActiveCfg = Release|Any CPU
		{5BE55850-B3EF-4F29-95B5-BA2C3537CC6A}.Release|Any CPU.Build.0 = Release|Any CPU
	EndGlobalSection
	GlobalSection(SolutionProperties) = preSolution
		HideSolutionNode = FALSE
	EndGlobalSection
	GlobalSection(ExtensibilityGlobals) = postSolution
		SolutionGuid = {9CF6CC69-1576-428F-BDE5-B4339025C63B}
	EndGlobalSection
EndGlobal
